{
  "name": "spinal-spatial-referential",
  "version": "1.0.6",
  "lockfileVersion": 1,
  "requires": true,
  "dependencies": {
    "@types/forge-viewer": {
      "version": "7.55.2",
      "resolved": "https://registry.npmjs.org/@types/forge-viewer/-/forge-viewer-7.55.2.tgz",
      "integrity": "sha512-S4en9P4OJ8BbVAqRpZ5R0iBnzIXF/tAM61X1cqrdRJwxzjAlwypKW4Ayt9+hGaUVMWd6uWvypsGVL+OkKrobZg==",
      "dev": true
    },
    "@types/three": {
      "version": "0.103.2",
      "resolved": "https://registry.npmjs.org/@types/three/-/three-0.103.2.tgz",
      "integrity": "sha512-zhtf0Qs5wLJpIn1+VWCpzSgpKayj/GSWZ6woiuz09FW59KEDeLpnBkYz6lbblVpRmGdlnG8nd0unaASshOvcXw==",
      "dev": true,
      "requires": {
        "three": "*"
      }
    },
    "clamp": {
      "version": "1.0.1",
      "resolved": "https://registry.npmjs.org/clamp/-/clamp-1.0.1.tgz",
      "integrity": "sha1-ZqDmQBGBbjcZaCj9yMjBRzEshjQ="
    },
    "lodash.throttle": {
      "version": "4.1.1",
      "resolved": "https://registry.npmjs.org/lodash.throttle/-/lodash.throttle-4.1.1.tgz",
      "integrity": "sha1-wj6RtxAkKscMN/HhzaknTMOb8vQ="
    },
    "material-colors": {
      "version": "1.2.6",
      "resolved": "https://registry.npmjs.org/material-colors/-/material-colors-1.2.6.tgz",
      "integrity": "sha512-6qE4B9deFBIa9YSpOc9O0Sgc43zTeVYbgDT5veRKSlB2+ZuHNoVVxA1L/ckMUayV9Ay9y7Z/SZCLcGteW9i7bg=="
    },
    "q": {
      "version": "1.5.1",
      "resolved": "https://registry.npmjs.org/q/-/q-1.5.1.tgz",
      "integrity": "sha1-fjL3W0E4EpHQRhHxvxQQmsAGUdc="
    },
    "qrcode-generator": {
      "version": "1.4.4",
      "resolved": "https://registry.npmjs.org/qrcode-generator/-/qrcode-generator-1.4.4.tgz",
      "integrity": "sha512-HM7yY8O2ilqhmULxGMpcHSF1EhJJ9yBj8gvDEuZ6M+KGJ0YY2hKpnXvRD+hZPLrDVck3ExIGhmPtSdcjC+guuw=="
    },
    "scrollparent": {
      "version": "2.0.1",
      "resolved": "https://registry.npmjs.org/scrollparent/-/scrollparent-2.0.1.tgz",
      "integrity": "sha1-cV1bnMV3YPsivczDvvtb/gaxoxc="
    },
    "spinal-core-connectorjs": {
      "version": "git+https://github.com/spinalcom/spinal-core-connectorjs.git#1246a1a6e6efd2f22323d8c0f7fdcbab4584f4bd",
      "from": "git+https://github.com/spinalcom/spinal-core-connectorjs.git",
      "requires": {
        "xhr2": "^0.1.3"
      }
    },
    "spinal-core-connectorjs_type": {
      "version": "git+https://github.com/spinalcom/spinal-core-connectorjs_type.git#638d1ac707f13f003e2d9f72c9dffd333f24625e",
      "from": "git+https://github.com/spinalcom/spinal-core-connectorjs_type.git",
      "requires": {
        "spinal-core-connectorjs": "git+https://github.com/spinalcom/spinal-core-connectorjs.git"
      }
    },
    "spinal-env-viewer-bim-manager-service": {
      "version": "git+https://github.com/spinalcom/spinal-env-viewer-bim-manager-service.git#2011ce99e9f21814e151fed9454851db638c12d3",
      "from": "git+https://github.com/spinalcom/spinal-env-viewer-bim-manager-service.git"
    },
    "spinal-env-viewer-context-geographic-service": {
      "version": "git+https://github.com/spinalcom/spinal-env-viewer-context-geographic-service.git#31be8d351eb56e683e819d931259779fcb01afaa",
      "from": "git+https://github.com/spinalcom/spinal-env-viewer-context-geographic-service.git",
      "requires": {
        "spinal-env-viewer-graph-service": "git+https://github.com/spinalcom/Spinal-Graph-Service.git",
        "spinal-env-viewer-plugin-bimobjectservice": "git+https://github.com/spinalcom/spinal-env-viewer-plugin-bimobjectservice.git",
        "spinal-models-building-elements": "git+https://github.com/spinalcom/spinal-models-building-elements.git"
      },
      "dependencies": {
        "spinal-core-connectorjs_type": {
          "version": "git+https://github.com/spinalcom/spinal-core-connectorjs_type.git#638d1ac707f13f003e2d9f72c9dffd333f24625e",
          "from": "git+https://github.com/spinalcom/spinal-core-connectorjs_type.git",
          "requires": {
            "spinal-core-connectorjs": "git+https://github.com/spinalcom/spinal-core-connectorjs.git"
          }
        },
        "spinal-env-viewer-graph-service": {
          "version": "git+https://github.com/spinalcom/Spinal-Graph-Service.git#f72b44ea0dc5e2bb0c47215e828e7929de552dc7",
          "from": "git+https://github.com/spinalcom/Spinal-Graph-Service.git",
          "requires": {
            "q": "^1.5.1",
            "qrcode-generator": "^1.4.1",
            "spinal-core-connectorjs_type": "git+https://github.com/spinalcom/spinal-core-connectorjs_type.git",
            "spinal-model-graph": "git+https://github.com/spinalcom/spinal-model-graph.git"
          }
        }
      }
    },
    "spinal-env-viewer-context-menu-service": {
      "version": "git+https://github.com/spinalcom/spinal-env-viewer-context-menu-service.git#e2696e6203dac9bbcaa31b36509f6a811fe81345",
      "from": "git+https://github.com/spinalcom/spinal-env-viewer-context-menu-service.git"
    },
    "spinal-env-viewer-graph-service": {
      "version": "git+https://github.com/spinalcom/Spinal-Graph-Service.git#f72b44ea0dc5e2bb0c47215e828e7929de552dc7",
      "from": "git+https://github.com/spinalcom/Spinal-Graph-Service.git",
      "requires": {
        "q": "^1.5.1",
        "qrcode-generator": "^1.4.1",
        "spinal-core-connectorjs_type": "git+https://github.com/spinalcom/spinal-core-connectorjs_type.git",
        "spinal-model-graph": "git+https://github.com/spinalcom/spinal-model-graph.git"
      },
      "dependencies": {
        "spinal-core-connectorjs_type": {
          "version": "git+https://github.com/spinalcom/spinal-core-connectorjs_type.git#638d1ac707f13f003e2d9f72c9dffd333f24625e",
          "from": "git+https://github.com/spinalcom/spinal-core-connectorjs_type.git",
          "requires": {
            "spinal-core-connectorjs": "git+https://github.com/spinalcom/spinal-core-connectorjs.git"
          }
        }
      }
    },
    "spinal-env-viewer-plugin-bimobjectservice": {
      "version": "git+https://github.com/spinalcom/spinal-env-viewer-plugin-bimobjectservice.git#4318628a1d3a795df6eaa2c920508e0c0ae6a23b",
      "from": "git+https://github.com/spinalcom/spinal-env-viewer-plugin-bimobjectservice.git",
      "requires": {
        "spinal-env-viewer-graph-service": "git+https://github.com/spinalcom/Spinal-Graph-Service.git",
        "spinal-models-bimobject": "git+https://github.com/spinalcom/spinal-models-bimobject.git",
        "vue": "^2.0.1"
      },
      "dependencies": {
        "spinal-core-connectorjs_type": {
          "version": "git+https://github.com/spinalcom/spinal-core-connectorjs_type.git#638d1ac707f13f003e2d9f72c9dffd333f24625e",
          "from": "git+https://github.com/spinalcom/spinal-core-connectorjs_type.git",
          "requires": {
            "spinal-core-connectorjs": "git+https://github.com/spinalcom/spinal-core-connectorjs.git"
          }
        },
        "spinal-env-viewer-graph-service": {
          "version": "git+https://github.com/spinalcom/Spinal-Graph-Service.git#f72b44ea0dc5e2bb0c47215e828e7929de552dc7",
          "from": "git+https://github.com/spinalcom/Spinal-Graph-Service.git",
          "requires": {
            "q": "^1.5.1",
            "qrcode-generator": "^1.4.1",
            "spinal-core-connectorjs_type": "git+https://github.com/spinalcom/spinal-core-connectorjs_type.git",
            "spinal-model-graph": "git+https://github.com/spinalcom/spinal-model-graph.git"
          }
        }
      }
    },
    "spinal-env-viewer-plugin-documentation-service": {
      "version": "git+https://github.com/spinalcom/spinal-env-viewer-plugin-documentation-service.git#ae78c1d805e430eec56869cb75a12b5cea7ec56a",
      "from": "git+https://github.com/spinalcom/spinal-env-viewer-plugin-documentation-service.git",
      "requires": {
        "spinal-core-connectorjs_type": "git+https://github.com/spinalcom/spinal-core-connectorjs_type.git",
        "spinal-env-viewer-graph-service": "git+https://github.com/spinalcom/Spinal-Graph-Service.git",
        "spinal-env-viewer-plugin-bimobjectservice": "git+https://github.com/spinalcom/spinal-env-viewer-plugin-bimobjectservice.git",
        "spinal-env-viewer-plugin-group-manager-service": "git+https://github.com/spinalcom/spinal-env-viewer-plugin-group-manager-service.git",
        "spinal-env-viewer-room-manager": "git+https://github.com/spinalcom/spinal-env-viewer-room-manager.git",
        "spinal-models-documentation": "git+https://github.com/spinalcom/spinal-models-cde.git",
        "vue": "^2.0.1"
      },
      "dependencies": {
        "spinal-core-connectorjs_type": {
          "version": "git+https://github.com/spinalcom/spinal-core-connectorjs_type.git#638d1ac707f13f003e2d9f72c9dffd333f24625e",
          "from": "git+https://github.com/spinalcom/spinal-core-connectorjs_type.git",
          "requires": {
            "spinal-core-connectorjs": "git+https://github.com/spinalcom/spinal-core-connectorjs.git"
          }
        },
        "spinal-env-viewer-graph-service": {
          "version": "git+https://github.com/spinalcom/Spinal-Graph-Service.git#f72b44ea0dc5e2bb0c47215e828e7929de552dc7",
          "from": "git+https://github.com/spinalcom/Spinal-Graph-Service.git",
          "requires": {
            "q": "^1.5.1",
            "qrcode-generator": "^1.4.1",
            "spinal-core-connectorjs_type": "git+https://github.com/spinalcom/spinal-core-connectorjs_type.git",
            "spinal-model-graph": "git+https://github.com/spinalcom/spinal-model-graph.git"
          }
        }
      }
    },
    "spinal-env-viewer-plugin-event-emitter": {
      "version": "git+https://github.com/spinalcom/spinal-env-viewer-plugin-event-emitter.git#fd1f50182cb1c12d97d8d86af1444a3b7433f0a0",
      "from": "git+https://github.com/spinalcom/spinal-env-viewer-plugin-event-emitter.git"
    },
    "spinal-env-viewer-plugin-group-manager-service": {
      "version": "git+https://github.com/spinalcom/spinal-env-viewer-plugin-group-manager-service.git#90724d0c0bd8023100e1aae3ae581dccd86c22d0",
      "from": "git+https://github.com/spinalcom/spinal-env-viewer-plugin-group-manager-service.git",
      "requires": {
        "spinal-core-connectorjs_type": "git+https://github.com/spinalcom/spinal-core-connectorjs_type.git",
        "spinal-env-viewer-context-geographic-service": "git+https://github.com/spinalcom/spinal-env-viewer-context-geographic-service.git",
        "spinal-env-viewer-graph-service": "git+https://github.com/spinalcom/Spinal-Graph-Service.git",
        "spinal-env-viewer-plugin-event-emitter": "git+https://github.com/spinalcom/spinal-env-viewer-plugin-event-emitter.git",
        "spinal-model-bmsnetwork": "git+https://github.com/spinalcom/spinal-model-bmsnetwork.git"
      },
      "dependencies": {
        "spinal-core-connectorjs_type": {
          "version": "git+https://github.com/spinalcom/spinal-core-connectorjs_type.git#638d1ac707f13f003e2d9f72c9dffd333f24625e",
          "from": "git+https://github.com/spinalcom/spinal-core-connectorjs_type.git",
          "requires": {
            "spinal-core-connectorjs": "git+https://github.com/spinalcom/spinal-core-connectorjs.git"
          }
        },
        "spinal-env-viewer-context-geographic-service": {
          "version": "git+https://github.com/spinalcom/spinal-env-viewer-context-geographic-service.git#31be8d351eb56e683e819d931259779fcb01afaa",
          "from": "git+https://github.com/spinalcom/spinal-env-viewer-context-geographic-service.git",
          "requires": {
            "spinal-env-viewer-graph-service": "git+https://github.com/spinalcom/Spinal-Graph-Service.git",
            "spinal-env-viewer-plugin-bimobjectservice": "git+https://github.com/spinalcom/spinal-env-viewer-plugin-bimobjectservice.git",
            "spinal-models-building-elements": "git+https://github.com/spinalcom/spinal-models-building-elements.git"
          }
        },
        "spinal-env-viewer-graph-service": {
          "version": "git+https://github.com/spinalcom/Spinal-Graph-Service.git#f72b44ea0dc5e2bb0c47215e828e7929de552dc7",
          "from": "git+https://github.com/spinalcom/Spinal-Graph-Service.git",
          "requires": {
            "q": "^1.5.1",
            "qrcode-generator": "^1.4.1",
            "spinal-core-connectorjs_type": "git+https://github.com/spinalcom/spinal-core-connectorjs_type.git",
            "spinal-model-graph": "git+https://github.com/spinalcom/spinal-model-graph.git"
          }
        }
      }
    },
    "spinal-env-viewer-room-manager": {
      "version": "git+https://github.com/spinalcom/spinal-env-viewer-room-manager.git#b823d5af359eac1241a691f94565d9c5357e6080",
      "from": "git+https://github.com/spinalcom/spinal-env-viewer-room-manager.git",
      "requires": {
        "spinal-env-viewer-bim-manager-service": "git+https://github.com/spinalcom/spinal-env-viewer-bim-manager-service.git",
        "spinal-env-viewer-context-geographic-service": "git+https://github.com/spinalcom/spinal-env-viewer-context-geographic-service.git",
        "spinal-env-viewer-context-menu-service": "git+https://github.com/spinalcom/spinal-env-viewer-context-menu-service.git",
        "spinal-env-viewer-graph-service": "git+https://github.com/spinalcom/Spinal-Graph-Service.git",
        "spinal-env-viewer-plugin-bimobjectservice": "git+https://github.com/spinalcom/spinal-env-viewer-plugin-bimobjectservice.git",
        "spinal-env-viewer-plugin-group-manager-service": "git+https://github.com/spinalcom/spinal-env-viewer-plugin-group-manager-service.git",
        "spinal-model-bmsnetwork": "git+https://github.com/spinalcom/spinal-model-bmsnetwork.git",
        "vue-color": "^2.7.0",
        "vue-virtual-scroller": "^1.0.10"
      },
      "dependencies": {
        "spinal-core-connectorjs_type": {
          "version": "git+https://github.com/spinalcom/spinal-core-connectorjs_type.git#638d1ac707f13f003e2d9f72c9dffd333f24625e",
          "from": "git+https://github.com/spinalcom/spinal-core-connectorjs_type.git",
          "requires": {
            "spinal-core-connectorjs": "git+https://github.com/spinalcom/spinal-core-connectorjs.git"
          }
        },
        "spinal-env-viewer-context-geographic-service": {
          "version": "git+https://github.com/spinalcom/spinal-env-viewer-context-geographic-service.git#31be8d351eb56e683e819d931259779fcb01afaa",
          "from": "git+https://github.com/spinalcom/spinal-env-viewer-context-geographic-service.git",
          "requires": {
            "spinal-env-viewer-graph-service": "git+https://github.com/spinalcom/Spinal-Graph-Service.git",
            "spinal-env-viewer-plugin-bimobjectservice": "git+https://github.com/spinalcom/spinal-env-viewer-plugin-bimobjectservice.git",
            "spinal-models-building-elements": "git+https://github.com/spinalcom/spinal-models-building-elements.git"
          }
        },
        "spinal-env-viewer-graph-service": {
          "version": "git+https://github.com/spinalcom/Spinal-Graph-Service.git#f72b44ea0dc5e2bb0c47215e828e7929de552dc7",
          "from": "git+https://github.com/spinalcom/Spinal-Graph-Service.git",
          "requires": {
            "q": "^1.5.1",
            "qrcode-generator": "^1.4.1",
            "spinal-core-connectorjs_type": "git+https://github.com/spinalcom/spinal-core-connectorjs_type.git",
            "spinal-model-graph": "git+https://github.com/spinalcom/spinal-model-graph.git"
          }
        }
      }
    },
    "spinal-lib-forgefile": {
      "version": "git+https://github.com/spinalcom/spinal-lib-forgefile.git#855b6efae613655298c4d5668e8f91d5b294aab5",
      "from": "git+https://github.com/spinalcom/spinal-lib-forgefile.git",
      "requires": {
        "spinal-core-connectorjs_type": "git+https://github.com/spinalcom/spinal-core-connectorjs_type.git"
      },
      "dependencies": {
        "spinal-core-connectorjs_type": {
          "version": "git+https://github.com/spinalcom/spinal-core-connectorjs_type.git#638d1ac707f13f003e2d9f72c9dffd333f24625e",
          "from": "git+https://github.com/spinalcom/spinal-core-connectorjs_type.git",
          "requires": {
            "spinal-core-connectorjs": "git+https://github.com/spinalcom/spinal-core-connectorjs.git"
          }
        }
      }
    },
    "spinal-model-bmsnetwork": {
      "version": "git+https://github.com/spinalcom/spinal-model-bmsnetwork.git#eb89aeb5becab589fc39793bad46e3ffa900cbd4",
      "from": "git+https://github.com/spinalcom/spinal-model-bmsnetwork.git",
      "requires": {
        "lodash.throttle": "^4.1.1",
        "spinal-core-connectorjs_type": "git+https://github.com/spinalcom/spinal-core-connectorjs_type.git",
        "spinal-env-viewer-graph-service": "git+https://github.com/spinalcom/Spinal-Graph-Service.git",
        "spinal-env-viewer-plugin-documentation-service": "git+https://github.com/spinalcom/spinal-env-viewer-plugin-documentation-service.git",
        "spinal-lib-forgefile": "git+https://github.com/spinalcom/spinal-lib-forgefile.git",
        "spinal-model-timeseries": "git+https://github.com/spinalcom/spinal-model-timeseries.git"
      },
      "dependencies": {
        "spinal-core-connectorjs_type": {
          "version": "git+https://github.com/spinalcom/spinal-core-connectorjs_type.git#638d1ac707f13f003e2d9f72c9dffd333f24625e",
          "from": "git+https://github.com/spinalcom/spinal-core-connectorjs_type.git",
          "requires": {
            "spinal-core-connectorjs": "git+https://github.com/spinalcom/spinal-core-connectorjs.git"
          }
        },
        "spinal-env-viewer-graph-service": {
          "version": "git+https://github.com/spinalcom/Spinal-Graph-Service.git#f72b44ea0dc5e2bb0c47215e828e7929de552dc7",
          "from": "git+https://github.com/spinalcom/Spinal-Graph-Service.git",
          "requires": {
            "q": "^1.5.1",
            "qrcode-generator": "^1.4.1",
            "spinal-core-connectorjs_type": "git+https://github.com/spinalcom/spinal-core-connectorjs_type.git",
            "spinal-model-graph": "git+https://github.com/spinalcom/spinal-model-graph.git"
          }
        },
        "spinal-env-viewer-plugin-documentation-service": {
          "version": "git+https://github.com/spinalcom/spinal-env-viewer-plugin-documentation-service.git#d5ad80fa643a200316013edba3f246aa9d1fea36",
          "from": "git+https://github.com/spinalcom/spinal-env-viewer-plugin-documentation-service.git",
          "requires": {
            "spinal-core-connectorjs_type": "git+https://github.com/spinalcom/spinal-core-connectorjs_type.git",
            "spinal-env-viewer-graph-service": "git+https://github.com/spinalcom/Spinal-Graph-Service.git",
            "spinal-env-viewer-plugin-bimobjectservice": "git+https://github.com/spinalcom/spinal-env-viewer-plugin-bimobjectservice.git",
            "spinal-env-viewer-plugin-group-manager-service": "git+https://github.com/spinalcom/spinal-env-viewer-plugin-group-manager-service.git",
            "spinal-env-viewer-room-manager": "git+https://github.com/spinalcom/spinal-env-viewer-room-manager.git",
            "spinal-models-documentation": "git+https://github.com/spinalcom/spinal-models-cde.git",
            "vue": "^2.0.1"
          }
        }
      }
    },
    "spinal-model-graph": {
      "version": "git+https://github.com/spinalcom/spinal-model-graph.git#e60e9473c8d7b7f7bbc5e7f07dbae56dba960329",
      "from": "git+https://github.com/spinalcom/spinal-model-graph.git",
      "requires": {
        "spinal-core-connectorjs_type": "git+https://github.com/spinalcom/spinal-core-connectorjs_type.git",
        "spinal-env-viewer-plugin-event-emitter": "git+https://github.com/spinalcom/spinal-env-viewer-plugin-event-emitter.git"
      },
      "dependencies": {
        "spinal-core-connectorjs_type": {
          "version": "git+https://github.com/spinalcom/spinal-core-connectorjs_type.git#638d1ac707f13f003e2d9f72c9dffd333f24625e",
          "from": "git+https://github.com/spinalcom/spinal-core-connectorjs_type.git",
          "requires": {
            "spinal-core-connectorjs": "git+https://github.com/spinalcom/spinal-core-connectorjs.git"
          }
        }
      }
    },
    "spinal-model-timeseries": {
      "version": "git+https://github.com/spinalcom/spinal-model-timeseries.git#cd2cca67bac11318509a83ebdea984b29b6238fe",
      "from": "git+https://github.com/spinalcom/spinal-model-timeseries.git",
      "requires": {
        "spinal-core-connectorjs_type": "git+https://github.com/spinalcom/spinal-core-connectorjs_type.git",
        "spinal-env-viewer-graph-service": "git+https://github.com/spinalcom/Spinal-Graph-Service.git",
        "spinal-env-viewer-plugin-documentation-service": "git+https://github.com/spinalcom/spinal-env-viewer-plugin-documentation-service.git"
      },
      "dependencies": {
        "spinal-core-connectorjs_type": {
          "version": "git+https://github.com/spinalcom/spinal-core-connectorjs_type.git#638d1ac707f13f003e2d9f72c9dffd333f24625e",
          "from": "git+https://github.com/spinalcom/spinal-core-connectorjs_type.git",
          "requires": {
            "spinal-core-connectorjs": "git+https://github.com/spinalcom/spinal-core-connectorjs.git"
          }
        },
        "spinal-env-viewer-graph-service": {
          "version": "git+https://github.com/spinalcom/Spinal-Graph-Service.git#f72b44ea0dc5e2bb0c47215e828e7929de552dc7",
          "from": "git+https://github.com/spinalcom/Spinal-Graph-Service.git",
          "requires": {
            "q": "^1.5.1",
            "qrcode-generator": "^1.4.1",
            "spinal-core-connectorjs_type": "git+https://github.com/spinalcom/spinal-core-connectorjs_type.git",
            "spinal-model-graph": "git+https://github.com/spinalcom/spinal-model-graph.git"
          }
        },
        "spinal-env-viewer-plugin-documentation-service": {
          "version": "git+https://github.com/spinalcom/spinal-env-viewer-plugin-documentation-service.git#d5ad80fa643a200316013edba3f246aa9d1fea36",
          "from": "git+https://github.com/spinalcom/spinal-env-viewer-plugin-documentation-service.git",
          "requires": {
            "spinal-core-connectorjs_type": "git+https://github.com/spinalcom/spinal-core-connectorjs_type.git",
            "spinal-env-viewer-graph-service": "git+https://github.com/spinalcom/Spinal-Graph-Service.git",
            "spinal-env-viewer-plugin-bimobjectservice": "git+https://github.com/spinalcom/spinal-env-viewer-plugin-bimobjectservice.git",
            "spinal-env-viewer-plugin-group-manager-service": "git+https://github.com/spinalcom/spinal-env-viewer-plugin-group-manager-service.git",
            "spinal-env-viewer-room-manager": "git+https://github.com/spinalcom/spinal-env-viewer-room-manager.git",
            "spinal-models-documentation": "git+https://github.com/spinalcom/spinal-models-cde.git",
            "vue": "^2.0.1"
          }
        }
      }
    },
    "spinal-models-bimobject": {
      "version": "git+https://github.com/spinalcom/spinal-models-bimobject.git#b9b9d4fd67cbe6acd514d21cf8e5c6aa919e1f4b",
      "from": "git+https://github.com/spinalcom/spinal-models-bimobject.git"
    },
    "spinal-models-building-elements": {
      "version": "git+https://github.com/spinalcom/spinal-models-building-elements.git#1d6edf18e07e8e6a66470dd203717a9437401bbb",
      "from": "git+https://github.com/spinalcom/spinal-models-building-elements.git",
      "requires": {
        "spinal-models-bimobject": "git+https://github.com/spinalcom/spinal-models-bimobject.git"
      }
    },
    "spinal-models-documentation": {
      "version": "git+https://github.com/spinalcom/spinal-models-cde.git#c86b730365f97e0ab9a961b62db1baee06bddbf1",
      "from": "git+https://github.com/spinalcom/spinal-models-cde.git",
      "requires": {
        "spinal-core-connectorjs": "git+https://github.com/spinalcom/spinal-core-connectorjs.git",
        "spinal-core-connectorjs_type": "git+https://github.com/spinalcom/spinal-core-connectorjs_type.git"
      },
      "dependencies": {
        "spinal-core-connectorjs_type": {
          "version": "git+https://github.com/spinalcom/spinal-core-connectorjs_type.git#638d1ac707f13f003e2d9f72c9dffd333f24625e",
          "from": "git+https://github.com/spinalcom/spinal-core-connectorjs_type.git",
          "requires": {
            "spinal-core-connectorjs": "git+https://github.com/spinalcom/spinal-core-connectorjs.git"
          }
        }
      }
    },
    "three": {
      "version": "0.137.1",
      "resolved": "https://registry.npmjs.org/three/-/three-0.137.1.tgz",
      "integrity": "sha512-GwoWu7jL0YEwtAPMt2MijplOeSslFYJgORGxkEE19aRd2fk53VQPKYwsA+Lj7M19dQl4AI6Knv+jUK8F0L67Tg==",
      "dev": true
    },
    "tinycolor2": {
      "version": "1.4.2",
      "resolved": "https://registry.npmjs.org/tinycolor2/-/tinycolor2-1.4.2.tgz",
      "integrity": "sha512-vJhccZPs965sV/L2sU4oRQVAos0pQXwsvTLkWYdqJ+a8Q5kPFzJTuOFwy7UniPli44NKQGAglksjvOcpo95aZA=="
    },
    "typescript": {
      "version": "3.9.10",
      "resolved": "https://registry.npmjs.org/typescript/-/typescript-3.9.10.tgz",
      "integrity": "sha512-w6fIxVE/H1PkLKcCPsFqKE7Kv7QUwhU8qQY2MueZXWx5cPZdwFupLgKK3vntcK98BtNHZtAF4LA/yl2a7k8R6Q==",
      "dev": true
    },
    "vue": {
      "version": "2.6.14",
      "resolved": "https://registry.npmjs.org/vue/-/vue-2.6.14.tgz",
      "integrity": "sha512-x2284lgYvjOMj3Za7kqzRcUSxBboHqtgRE2zlos1qWaOye5yUmHn42LB1250NJBLRwEcdrB0JRwyPTEPhfQjiQ=="
    },
    "vue-color": {
      "version": "2.8.1",
      "resolved": "https://registry.npmjs.org/vue-color/-/vue-color-2.8.1.tgz",
      "integrity": "sha512-BoLCEHisXi2QgwlhZBg9UepvzZZmi4176vbr+31Shen5WWZwSLVgdScEPcB+yrAtuHAz42309C0A4+WiL9lNBw==",
      "requires": {
        "clamp": "^1.0.1",
        "lodash.throttle": "^4.0.0",
        "material-colors": "^1.0.0",
        "tinycolor2": "^1.1.2"
      }
    },
    "vue-observe-visibility": {
      "version": "0.4.6",
      "resolved": "https://registry.npmjs.org/vue-observe-visibility/-/vue-observe-visibility-0.4.6.tgz",
      "integrity": "sha512-xo0CEVdkjSjhJoDdLSvoZoQrw/H2BlzB5jrCBKGZNXN2zdZgMuZ9BKrxXDjNP2AxlcCoKc8OahI3F3r3JGLv2Q=="
    },
    "vue-resize": {
      "version": "0.4.5",
      "resolved": "https://registry.npmjs.org/vue-resize/-/vue-resize-0.4.5.tgz",
      "integrity": "sha512-bhP7MlgJQ8TIkZJXAfDf78uJO+mEI3CaLABLjv0WNzr4CcGRGPIAItyWYnP6LsPA4Oq0WE+suidNs6dgpO4RHg=="
    },
    "vue-virtual-scroller": {
      "version": "1.0.10",
      "resolved": "https://registry.npmjs.org/vue-virtual-scroller/-/vue-virtual-scroller-1.0.10.tgz",
      "integrity": "sha512-Hn4qSBDhRY4XdngPioYy/ykDjrLX/NMm1fQXm/4UQQ/Xv1x8JbHGFZNftQowTcfICgN7yc31AKnUk1UGLJ2ndA==",
      "requires": {
        "scrollparent": "^2.0.1",
        "vue-observe-visibility": "^0.4.4",
        "vue-resize": "^0.4.5"
      }
    },
    "xhr2": {
      "version": "0.1.4",
      "resolved": "https://registry.npmjs.org/xhr2/-/xhr2-0.1.4.tgz",
      "integrity": "sha1-f4dliEdxbbUCYyOBL4GMras4el8="
    }
  }
}
