{
  "name": "spinal-spatial-referential",
  "version": "1.0.0",
  "lockfileVersion": 1,
  "requires": true,
  "dependencies": {
    "@types/forge-viewer": {
      "version": "7.4.0",
      "resolved": "https://registry.npmjs.org/@types/forge-viewer/-/forge-viewer-7.4.0.tgz",
      "integrity": "sha512-OFtqn1V/AWUuWzwogCji6emfK4p48BRYcEswq4RDmZrZJhu09OApZb2j6X4RaBR0x2Gh/6EM/u0y9TPSC9gE3g==",
      "dev": true,
      "requires": {
        "@types/three": "^0.93.30"
      },
      "dependencies": {
        "@types/three": {
          "version": "0.93.31",
          "resolved": "https://registry.npmjs.org/@types/three/-/three-0.93.31.tgz",
          "integrity": "sha512-lR9eLY3gnrUDAdW4ujITgVTPEv1Oy2yoL3LlfKAnjQuzyjGSR+PvQuXuWmaDCD1IyWhkqbnol1nJwaW0MGe35A==",
          "dev": true
        }
      }
    },
    "@types/three": {
      "version": "0.103.2",
      "resolved": "https://registry.npmjs.org/@types/three/-/three-0.103.2.tgz",
      "integrity": "sha512-zhtf0Qs5wLJpIn1+VWCpzSgpKayj/GSWZ6woiuz09FW59KEDeLpnBkYz6lbblVpRmGdlnG8nd0unaASshOvcXw==",
      "dev": true,
      "requires": {
        "three": "*"
      }
    },
    "clamp": {
      "version": "1.0.1",
      "resolved": "https://registry.npmjs.org/clamp/-/clamp-1.0.1.tgz",
      "integrity": "sha1-ZqDmQBGBbjcZaCj9yMjBRzEshjQ="
    },
    "lodash.throttle": {
      "version": "4.1.1",
      "resolved": "https://registry.npmjs.org/lodash.throttle/-/lodash.throttle-4.1.1.tgz",
      "integrity": "sha1-wj6RtxAkKscMN/HhzaknTMOb8vQ="
    },
    "material-colors": {
      "version": "1.2.6",
      "resolved": "https://registry.npmjs.org/material-colors/-/material-colors-1.2.6.tgz",
      "integrity": "sha512-6qE4B9deFBIa9YSpOc9O0Sgc43zTeVYbgDT5veRKSlB2+ZuHNoVVxA1L/ckMUayV9Ay9y7Z/SZCLcGteW9i7bg=="
    },
    "qrcode-generator": {
      "version": "1.4.4",
      "resolved": "https://registry.npmjs.org/qrcode-generator/-/qrcode-generator-1.4.4.tgz",
      "integrity": "sha512-HM7yY8O2ilqhmULxGMpcHSF1EhJJ9yBj8gvDEuZ6M+KGJ0YY2hKpnXvRD+hZPLrDVck3ExIGhmPtSdcjC+guuw=="
    },
    "scrollparent": {
      "version": "2.0.1",
      "resolved": "https://registry.npmjs.org/scrollparent/-/scrollparent-2.0.1.tgz",
      "integrity": "sha1-cV1bnMV3YPsivczDvvtb/gaxoxc="
    },
    "spinal-core-connectorjs": {
      "version": "git+https://github.com/spinalcom/spinal-core-connectorjs.git#c1b17a8d36ccd989f6b89c9f33e9cbdb4e28f173",
      "from": "git+https://github.com/spinalcom/spinal-core-connectorjs.git",
      "requires": {
        "xhr2": "^0.1.3"
      }
    },
    "spinal-core-connectorjs_type": {
      "version": "git+https://github.com/spinalcom/spinal-core-connectorjs_type.git#080c4a5e2744f4af5406496773413b6b2661107b",
      "from": "git+https://github.com/spinalcom/spinal-core-connectorjs_type.git",
      "requires": {
        "spinal-core-connectorjs": "git+https://github.com/spinalcom/spinal-core-connectorjs.git"
      }
    },
    "spinal-env-viewer-bim-manager-service": {
      "version": "git+https://github.com/spinalcom/spinal-env-viewer-bim-manager-service.git#2011ce99e9f21814e151fed9454851db638c12d3",
      "from": "git+https://github.com/spinalcom/spinal-env-viewer-bim-manager-service.git"
    },
    "spinal-env-viewer-context-geographic-service": {
      "version": "git+https://github.com/spinalcom/spinal-env-viewer-context-geographic-service.git#5827385da08afde16b3d90eb627d85a8abb18310",
      "from": "git+https://github.com/spinalcom/spinal-env-viewer-context-geographic-service.git",
      "requires": {
        "spinal-env-viewer-graph-service": "git+https://github.com/spinalcom/Spinal-Graph-Service.git",
        "spinal-env-viewer-plugin-bimobjectservice": "git+https://github.com/spinalcom/spinal-env-viewer-plugin-bimobjectservice.git",
        "spinal-models-building-elements": "git+https://github.com/spinalcom/spinal-models-building-elements.git"
      }
    },
    "spinal-env-viewer-context-menu-service": {
      "version": "git+https://github.com/spinalcom/spinal-env-viewer-context-menu-service.git#e2696e6203dac9bbcaa31b36509f6a811fe81345",
      "from": "git+https://github.com/spinalcom/spinal-env-viewer-context-menu-service.git"
    },
    "spinal-env-viewer-graph-service": {
      "version": "git+https://github.com/spinalcom/Spinal-Graph-Service.git#7cfc9834e64c90a0d0e5d72efb66a191b9384c4b",
      "from": "git+https://github.com/spinalcom/Spinal-Graph-Service.git",
      "requires": {
        "qrcode-generator": "^1.4.1",
        "spinal-core-connectorjs_type": "git+https://github.com/spinalcom/spinal-core-connectorjs_type.git",
        "spinal-model-graph": "git+https://github.com/spinalcom/spinal-model-graph.git"
      }
    },
    "spinal-env-viewer-plugin-bimobjectservice": {
      "version": "git+https://github.com/spinalcom/spinal-env-viewer-plugin-bimobjectservice.git#4318628a1d3a795df6eaa2c920508e0c0ae6a23b",
      "from": "git+https://github.com/spinalcom/spinal-env-viewer-plugin-bimobjectservice.git",
      "requires": {
        "spinal-env-viewer-graph-service": "git+https://github.com/spinalcom/Spinal-Graph-Service.git",
        "spinal-models-bimobject": "git+https://github.com/spinalcom/spinal-models-bimobject.git",
        "vue": "^2.0.1"
      }
    },
    "spinal-env-viewer-plugin-documentation-service": {
      "version": "git+https://github.com/spinalcom/spinal-env-viewer-plugin-documentation-service.git#a0e10137676698c7c24a2116480b6a1c08477ffe",
      "from": "git+https://github.com/spinalcom/spinal-env-viewer-plugin-documentation-service.git",
      "requires": {
        "spinal-env-viewer-graph-service": "git+https://github.com/spinalcom/Spinal-Graph-Service.git",
        "spinal-env-viewer-plugin-bimobjectservice": "git+https://github.com/spinalcom/spinal-env-viewer-plugin-bimobjectservice.git",
        "spinal-env-viewer-room-manager": "git+https://github.com/spinalcom/spinal-env-viewer-room-manager.git",
        "spinal-models-documentation": "git+https://github.com/spinalcom/spinal-models-cde.git",
        "vue": "^2.0.1"
      }
    },
    "spinal-env-viewer-room-manager": {
      "version": "git+https://github.com/spinalcom/spinal-env-viewer-room-manager.git#77472f77f64dc20ceeb56011217c33738c090676",
      "from": "git+https://github.com/spinalcom/spinal-env-viewer-room-manager.git",
      "requires": {
        "spinal-env-viewer-bim-manager-service": "git+https://github.com/spinalcom/spinal-env-viewer-bim-manager-service.git",
        "spinal-env-viewer-context-geographic-service": "git+https://github.com/spinalcom/spinal-env-viewer-context-geographic-service.git",
        "spinal-env-viewer-context-menu-service": "git+https://github.com/spinalcom/spinal-env-viewer-context-menu-service.git",
        "spinal-env-viewer-graph-service": "git+https://github.com/spinalcom/Spinal-Graph-Service.git",
        "spinal-env-viewer-plugin-bimobjectservice": "git+https://github.com/spinalcom/spinal-env-viewer-plugin-bimobjectservice.git",
        "vue-color": "^2.7.0",
        "vue-virtual-scroller": "^1.0.0-rc.2"
      }
    },
    "spinal-model-graph": {
      "version": "git+https://github.com/spinalcom/spinal-model-graph.git#7df04c3cf9f488835fac48c11e0b35d73c2219a0",
      "from": "git+https://github.com/spinalcom/spinal-model-graph.git",
      "requires": {
        "spinal-core-connectorjs_type": "git+https://github.com/spinalcom/spinal-core-connectorjs_type.git"
      }
    },
    "spinal-models-bimobject": {
      "version": "git+https://github.com/spinalcom/spinal-models-bimobject.git#b9b9d4fd67cbe6acd514d21cf8e5c6aa919e1f4b",
      "from": "git+https://github.com/spinalcom/spinal-models-bimobject.git"
    },
    "spinal-models-building-elements": {
      "version": "git+https://github.com/spinalcom/spinal-models-building-elements.git#1d6edf18e07e8e6a66470dd203717a9437401bbb",
      "from": "git+https://github.com/spinalcom/spinal-models-building-elements.git",
      "requires": {
        "spinal-models-bimobject": "git+https://github.com/spinalcom/spinal-models-bimobject.git"
      }
    },
    "spinal-models-documentation": {
      "version": "git+https://github.com/spinalcom/spinal-models-cde.git#26069196dd3ff963d9f59a35d58cda2ebf2f659c",
      "from": "git+https://github.com/spinalcom/spinal-models-cde.git"
    },
    "three": {
      "version": "0.110.0",
      "resolved": "https://registry.npmjs.org/three/-/three-0.110.0.tgz",
      "integrity": "sha512-wlurH8XBO9Sd5VIw8nBa+taLR20kqaI4e9FiuMh6tqK8eOS2q2R+ZoUyufbyDTVTHhs8GiTbv0r2CMLkwerFJg==",
      "dev": true
    },
    "tinycolor2": {
      "version": "1.4.1",
      "resolved": "https://registry.npmjs.org/tinycolor2/-/tinycolor2-1.4.1.tgz",
      "integrity": "sha1-9PrTM0R7wLB9TcjpIJ2POaisd+g="
    },
    "typescript": {
      "version": "3.7.2",
      "resolved": "https://registry.npmjs.org/typescript/-/typescript-3.7.2.tgz",
      "integrity": "sha512-ml7V7JfiN2Xwvcer+XAf2csGO1bPBdRbFCkYBczNZggrBZ9c7G3riSUeJmqEU5uOtXNPMhE3n+R4FA/3YOAWOQ==",
      "dev": true
    },
    "vue": {
      "version": "2.6.10",
      "resolved": "https://registry.npmjs.org/vue/-/vue-2.6.10.tgz",
      "integrity": "sha512-ImThpeNU9HbdZL3utgMCq0oiMzAkt1mcgy3/E6zWC/G6AaQoeuFdsl9nDhTDU3X1R6FK7nsIUuRACVcjI+A2GQ=="
    },
    "vue-color": {
      "version": "2.7.0",
      "resolved": "https://registry.npmjs.org/vue-color/-/vue-color-2.7.0.tgz",
      "integrity": "sha512-fak9oPRL3BsYtakTGmWIS2yNRppRYNlMgGGq78CMH34ipU8fLgi/bT9JiSPcscpdTNLGracuOFuZ8OFeml+SQQ==",
      "requires": {
        "clamp": "^1.0.1",
        "lodash.throttle": "^4.0.0",
        "material-colors": "^1.0.0",
        "tinycolor2": "^1.1.2"
      }
    },
    "vue-observe-visibility": {
      "version": "0.4.6",
      "resolved": "https://registry.npmjs.org/vue-observe-visibility/-/vue-observe-visibility-0.4.6.tgz",
      "integrity": "sha512-xo0CEVdkjSjhJoDdLSvoZoQrw/H2BlzB5jrCBKGZNXN2zdZgMuZ9BKrxXDjNP2AxlcCoKc8OahI3F3r3JGLv2Q=="
    },
    "vue-resize": {
      "version": "0.4.5",
      "resolved": "https://registry.npmjs.org/vue-resize/-/vue-resize-0.4.5.tgz",
      "integrity": "sha512-bhP7MlgJQ8TIkZJXAfDf78uJO+mEI3CaLABLjv0WNzr4CcGRGPIAItyWYnP6LsPA4Oq0WE+suidNs6dgpO4RHg=="
    },
    "vue-virtual-scroller": {
      "version": "1.0.0-rc.2",
      "resolved": "https://registry.npmjs.org/vue-virtual-scroller/-/vue-virtual-scroller-1.0.0-rc.2.tgz",
      "integrity": "sha512-4YFx1a+QDP4f6HW/HBI/qHcmSTlh7BMH6IjEH8WC3ylt499cErl0LpvLLAx9yo3c6NtuK/XvjYXi0vvdxFB5dw==",
      "requires": {
        "scrollparent": "^2.0.1",
        "vue-observe-visibility": "^0.4.3",
        "vue-resize": "^0.4.5"
      }
    },
    "xhr2": {
      "version": "0.1.4",
      "resolved": "https://registry.npmjs.org/xhr2/-/xhr2-0.1.4.tgz",
      "integrity": "sha1-f4dliEdxbbUCYyOBL4GMras4el8="
    }
  }
}
